
Microsoft Visual Studio Solution File, Format Version 12.00
# Visual Studio Version 17
VisualStudioVersion = 17.13.35825.156
MinimumVisualStudioVersion = 10.0.40219.1
Project("{2150E333-8FDC-42A3-9474-1A3956D46DE8}") = "src", "src", "{02EA681E-C7D8-13C7-8484-4AC65E1B71E8}"
EndProject
Project("{2150E333-8FDC-42A3-9474-1A3956D46DE8}") = "tests", "tests", "{78B9DDE4-C32F-4BE6-B13B-BAC6873BE188}"
EndProject
Project("{FAE04EC0-301F-11D3-BF4B-00C04F79EFBC}") = "CA_2025.ServiceDefaults", "src\CA_2025.ServiceDefaults\CA_2025.ServiceDefaults.csproj", "{AF183347-0F20-2F9E-62ED-801D48D38D47}"
EndProject
Project("{FAE04EC0-301F-11D3-BF4B-00C04F79EFBC}") = "CA_2025.Infrastructure", "src\CA_2025.Infrastructure\CA_2025.Infrastructure.csproj", "{4D8FC027-F6C1-459E-C1E4-860BBCF923A8}"
EndProject
Project("{FAE04EC0-301F-11D3-BF4B-00C04F79EFBC}") = "CA_2025.Domain", "src\CA_2025.Domain\CA_2025.Domain.csproj", "{90F651DC-2D6E-55B7-968E-FF465F6D5C08}"
EndProject
Project("{FAE04EC0-301F-11D3-BF4B-00C04F79EFBC}") = "CA_2025.Application", "src\CA_2025.Application\CA_2025.Application.csproj", "{7BFC78EA-2D0C-6432-7C88-1DC0229ABA65}"
EndProject
Project("{FAE04EC0-301F-11D3-BF4B-00C04F79EFBC}") = "CA_2025.AppHost", "src\CA_2025.AppHost\CA_2025.AppHost.csproj", "{4A4F850A-1251-F864-AF24-E71AD13B00E0}"
EndProject
Project("{FAE04EC0-301F-11D3-BF4B-00C04F79EFBC}") = "CA_2025.WebAPI", "src\CA_2025.WebAPI\CA_2025.WebAPI.csproj", "{89C66E31-9A5D-1D63-F854-63DA4F2931FA}"
EndProject
Global
	GlobalSection(SolutionConfigurationPlatforms) = preSolution
		Debug|Any CPU = Debug|Any CPU
		Release|Any CPU = Release|Any CPU
	EndGlobalSection
	GlobalSection(ProjectConfigurationPlatforms) = postSolution
		{AF183347-0F20-2F9E-62ED-801D48D38D47}.Debug|Any CPU.ActiveCfg = Debug|Any CPU
		{AF183347-0F20-2F9E-62ED-801D48D38D47}.Debug|Any CPU.Build.0 = Debug|Any CPU
		{AF183347-0F20-2F9E-62ED-801D48D38D47}.Release|Any CPU.ActiveCfg = Release|Any CPU
		{AF183347-0F20-2F9E-62ED-801D48D38D47}.Release|Any CPU.Build.0 = Release|Any CPU
		{4D8FC027-F6C1-459E-C1E4-860BBCF923A8}.Debug|Any CPU.ActiveCfg = Debug|Any CPU
		{4D8FC027-F6C1-459E-C1E4-860BBCF923A8}.Debug|Any CPU.Build.0 = Debug|Any CPU
		{4D8FC027-F6C1-459E-C1E4-860BBCF923A8}.Release|Any CPU.ActiveCfg = Release|Any CPU
		{4D8FC027-F6C1-459E-C1E4-860BBCF923A8}.Release|Any CPU.Build.0 = Release|Any CPU
		{90F651DC-2D6E-55B7-968E-FF465F6D5C08}.Debug|Any CPU.ActiveCfg = Debug|Any CPU
		{90F651DC-2D6E-55B7-968E-FF465F6D5C08}.Debug|Any CPU.Build.0 = Debug|Any CPU
		{90F651DC-2D6E-55B7-968E-FF465F6D5C08}.Release|Any CPU.ActiveCfg = Release|Any CPU
		{90F651DC-2D6E-55B7-968E-FF465F6D5C08}.Release|Any CPU.Build.0 = Release|Any CPU
		{7BFC78EA-2D0C-6432-7C88-1DC0229ABA65}.Debug|Any CPU.ActiveCfg = Debug|Any CPU
		{7BFC78EA-2D0C-6432-7C88-1DC0229ABA65}.Debug|Any CPU.Build.0 = Debug|Any CPU
		{7BFC78EA-2D0C-6432-7C88-1DC0229ABA65}.Release|Any CPU.ActiveCfg = Release|Any CPU
		{7BFC78EA-2D0C-6432-7C88-1DC0229ABA65}.Release|Any CPU.Build.0 = Release|Any CPU
		{4A4F850A-1251-F864-AF24-E71AD13B00E0}.Debug|Any CPU.ActiveCfg = Debug|Any CPU
		{4A4F850A-1251-F864-AF24-E71AD13B00E0}.Debug|Any CPU.Build.0 = Debug|Any CPU
		{4A4F850A-1251-F864-AF24-E71AD13B00E0}.Release|Any CPU.ActiveCfg = Release|Any CPU
		{4A4F850A-1251-F864-AF24-E71AD13B00E0}.Release|Any CPU.Build.0 = Release|Any CPU
		{89C66E31-9A5D-1D63-F854-63DA4F2931FA}.Debug|Any CPU.ActiveCfg = Debug|Any CPU
		{89C66E31-9A5D-1D63-F854-63DA4F2931FA}.Debug|Any CPU.Build.0 = Debug|Any CPU
		{89C66E31-9A5D-1D63-F854-63DA4F2931FA}.Release|Any CPU.ActiveCfg = Release|Any CPU
		{89C66E31-9A5D-1D63-F854-63DA4F2931FA}.Release|Any CPU.Build.0 = Release|Any CPU
	EndGlobalSection
	GlobalSection(SolutionProperties) = preSolution
		HideSolutionNode = FALSE
	EndGlobalSection
	GlobalSection(NestedProjects) = preSolution
		{AF183347-0F20-2F9E-62ED-801D48D38D47} = {02EA681E-C7D8-13C7-8484-4AC65E1B71E8}
		{4D8FC027-F6C1-459E-C1E4-860BBCF923A8} = {02EA681E-C7D8-13C7-8484-4AC65E1B71E8}
		{90F651DC-2D6E-55B7-968E-FF465F6D5C08} = {02EA681E-C7D8-13C7-8484-4AC65E1B71E8}
		{7BFC78EA-2D0C-6432-7C88-1DC0229ABA65} = {02EA681E-C7D8-13C7-8484-4AC65E1B71E8}
		{4A4F850A-1251-F864-AF24-E71AD13B00E0} = {02EA681E-C7D8-13C7-8484-4AC65E1B71E8}
		{89C66E31-9A5D-1D63-F854-63DA4F2931FA} = {02EA681E-C7D8-13C7-8484-4AC65E1B71E8}
	EndGlobalSection
	GlobalSection(ExtensibilityGlobals) = postSolution
		SolutionGuid = {D693A0A5-B414-4C00-BCE1-EA0EFBA95926}
	EndGlobalSection
EndGlobal
